// !$*UTF8*$!
{
	archiveVersion = 1;
	classes = {
	};
	objectVersion = 55;
	objects = {

/* Begin PBXBuildFile section */
		3F2F7A8A27F366BC00A05422 /* AppDelegate.swift in Sources */ = {isa = PBXBuildFile; fileRef = 3F2F7A8927F366BC00A05422 /* AppDelegate.swift */; };
		3F2F7A8C27F366BC00A05422 /* SceneDelegate.swift in Sources */ = {isa = PBXBuildFile; fileRef = 3F2F7A8B27F366BC00A05422 /* SceneDelegate.swift */; };
		3F2F7A8E27F366BC00A05422 /* ViewController.swift in Sources */ = {isa = PBXBuildFile; fileRef = 3F2F7A8D27F366BC00A05422 /* ViewController.swift */; };
		3F2F7A9127F366BC00A05422 /* Main.storyboard in Resources */ = {isa = PBXBuildFile; fileRef = 3F2F7A8F27F366BC00A05422 /* Main.storyboard */; };
		3F2F7A9327F366BE00A05422 /* Assets.xcassets in Resources */ = {isa = PBXBuildFile; fileRef = 3F2F7A9227F366BE00A05422 /* Assets.xcassets */; };
		3F2F7A9627F366BE00A05422 /* LaunchScreen.storyboard in Resources */ = {isa = PBXBuildFile; fileRef = 3F2F7A9427F366BE00A05422 /* LaunchScreen.storyboard */; };
		3F2F7AA127F366BF00A05422 /* tableViewDemoTests.swift in Sources */ = {isa = PBXBuildFile; fileRef = 3F2F7AA027F366BF00A05422 /* tableViewDemoTests.swift */; };
		3F2F7AAB27F366BF00A05422 /* tableViewDemoUITests.swift in Sources */ = {isa = PBXBuildFile; fileRef = 3F2F7AAA27F366BF00A05422 /* tableViewDemoUITests.swift */; };
		3F2F7AAD27F366BF00A05422 /* tableViewDemoUITestsLaunchTests.swift in Sources */ = {isa = PBXBuildFile; fileRef = 3F2F7AAC27F366BF00A05422 /* tableViewDemoUITestsLaunchTests.swift */; };
		3FB7048C27F368AC00215FCA /* DetailsViewController.swift in Sources */ = {isa = PBXBuildFile; fileRef = 3FB7048B27F368AC00215FCA /* DetailsViewController.swift */; };
/* End PBXBuildFile section */

/* Begin PBXContainerItemProxy section */
		3F2F7A9D27F366BF00A05422 /* PBXContainerItemProxy */ = {
			isa = PBXContainerItemProxy;
			containerPortal = 3F2F7A7E27F366BC00A05422 /* Project object */;
			proxyType = 1;
			remoteGlobalIDString = 3F2F7A8527F366BC00A05422;
			remoteInfo = tableViewDemo;
		};
		3F2F7AA727F366BF00A05422 /* PBXContainerItemProxy */ = {
			isa = PBXContainerItemProxy;
			containerPortal = 3F2F7A7E27F366BC00A05422 /* Project object */;
			proxyType = 1;
			remoteGlobalIDString = 3F2F7A8527F366BC00A05422;
			remoteInfo = tableViewDemo;
		};
/* End PBXContainerItemProxy section */

/* Begin PBXFileReference section */
		3F2F7A8627F366BC00A05422 /* tableViewDemo.app */ = {isa = PBXFileReference; explicitFileType = wrapper.application; includeInIndex = 0; path = tableViewDemo.app; sourceTree = BUILT_PRODUCTS_DIR; };
		3F2F7A8927F366BC00A05422 /* AppDelegate.swift */ = {isa = PBXFileReference; lastKnownFileType = sourcecode.swift; path = AppDelegate.swift; sourceTree = "<group>"; };
		3F2F7A8B27F366BC00A05422 /* SceneDelegate.swift */ = {isa = PBXFileReference; lastKnownFileType = sourcecode.swift; path = SceneDelegate.swift; sourceTree = "<group>"; };
		3F2F7A8D27F366BC00A05422 /* ViewController.swift */ = {isa = PBXFileReference; lastKnownFileType = sourcecode.swift; path = ViewController.swift; sourceTree = "<group>"; };
		3F2F7A9027F366BC00A05422 /* Base */ = {isa = PBXFileReference; lastKnownFileType = file.storyboard; name = Base; path = Base.lproj/Main.storyboard; sourceTree = "<group>"; };
		3F2F7A9227F366BE00A05422 /* Assets.xcassets */ = {isa = PBXFileReference; lastKnownFileType = folder.assetcatalog; path = Assets.xcassets; sourceTree = "<group>"; };
		3F2F7A9527F366BE00A05422 /* Base */ = {isa = PBXFileReference; lastKnownFileType = file.storyboard; name = Base; path = Base.lproj/LaunchScreen.storyboard; sourceTree = "<group>"; };
		3F2F7A9727F366BE00A05422 /* Info.plist */ = {isa = PBXFileReference; lastKnownFileType = text.plist.xml; path = Info.plist; sourceTree = "<group>"; };
		3F2F7A9C27F366BF00A05422 /* tableViewDemoTests.xctest */ = {isa = PBXFileReference; explicitFileType = wrapper.cfbundle; includeInIndex = 0; path = tableViewDemoTests.xctest; sourceTree = BUILT_PRODUCTS_DIR; };
		3F2F7AA027F366BF00A05422 /* tableViewDemoTests.swift */ = {isa = PBXFileReference; lastKnownFileType = sourcecode.swift; path = tableViewDemoTests.swift; sourceTree = "<group>"; };
		3F2F7AA627F366BF00A05422 /* tableViewDemoUITests.xctest */ = {isa = PBXFileReference; explicitFileType = wrapper.cfbundle; includeInIndex = 0; path = tableViewDemoUITests.xctest; sourceTree = BUILT_PRODUCTS_DIR; };
		3F2F7AAA27F366BF00A05422 /* tableViewDemoUITests.swift */ = {isa = PBXFileReference; lastKnownFileType = sourcecode.swift; path = tableViewDemoUITests.swift; sourceTree = "<group>"; };
		3F2F7AAC27F366BF00A05422 /* tableViewDemoUITestsLaunchTests.swift */ = {isa = PBXFileReference; lastKnownFileType = sourcecode.swift; path = tableViewDemoUITestsLaunchTests.swift; sourceTree = "<group>"; };
		3FB7048B27F368AC00215FCA /* DetailsViewController.swift */ = {isa = PBXFileReference; lastKnownFileType = sourcecode.swift; path = DetailsViewController.swift; sourceTree = "<group>"; };
/* End PBXFileReference section */

/* Begin PBXFrameworksBuildPhase section */
		3F2F7A8327F366BC00A05422 /* Frameworks */ = {
			isa = PBXFrameworksBuildPhase;
			buildActionMask = 2147483647;
			files = (
			);
			runOnlyForDeploymentPostprocessing = 0;
		};
		3F2F7A9927F366BF00A05422 /* Frameworks */ = {
			isa = PBXFrameworksBuildPhase;
			buildActionMask = 2147483647;
			files = (
			);
			runOnlyForDeploymentPostprocessing = 0;
		};
		3F2F7AA327F366BF00A05422 /* Frameworks */ = {
			isa = PBXFrameworksBuildPhase;
			buildActionMask = 2147483647;
			files = (
			);
			runOnlyForDeploymentPostprocessing = 0;
		};
/* End PBXFrameworksBuildPhase section */

/* Begin PBXGroup section */
		3F2F7A7D27F366BC00A05422 = {
			isa = PBXGroup;
			children = (
				3F2F7A8827F366BC00A05422 /* tableViewDemo */,
				3F2F7A9F27F366BF00A05422 /* tableViewDemoTests */,
				3F2F7AA927F366BF00A05422 /* tableViewDemoUITests */,
				3F2F7A8727F366BC00A05422 /* Products */,
			);
			sourceTree = "<group>";
		};
		3F2F7A8727F366BC00A05422 /* Products */ = {
			isa = PBXGroup;
			children = (
				3F2F7A8627F366BC00A05422 /* tableViewDemo.app */,
				3F2F7A9C27F366BF00A05422 /* tableViewDemoTests.xctest */,
				3F2F7AA627F366BF00A05422 /* tableViewDemoUITests.xctest */,
			);
			name = Products;
			sourceTree = "<group>";
		};
		3F2F7A8827F366BC00A05422 /* tableViewDemo */ = {
			isa = PBXGroup;
			children = (
				3F2F7A8927F366BC00A05422 /* AppDelegate.swift */,
				3F2F7A8B27F366BC00A05422 /* SceneDelegate.swift */,
				3F2F7A8D27F366BC00A05422 /* ViewController.swift */,
				3F2F7A8F27F366BC00A05422 /* Main.storyboard */,
				3F2F7A9227F366BE00A05422 /* Assets.xcassets */,
				3F2F7A9427F366BE00A05422 /* LaunchScreen.storyboard */,
				3F2F7A9727F366BE00A05422 /* Info.plist */,
				3FB7048B27F368AC00215FCA /* DetailsViewController.swift */,
			);
			path = tableViewDemo;
			sourceTree = "<group>";
		};
		3F2F7A9F27F366BF00A05422 /* tableViewDemoTests */ = {
			isa = PBXGroup;
			children = (
				3F2F7AA027F366BF00A05422 /* tableViewDemoTests.swift */,
			);
			path = tableViewDemoTests;
			sourceTree = "<group>";
		};
		3F2F7AA927F366BF00A05422 /* tableViewDemoUITests */ = {
			isa = PBXGroup;
			children = (
				3F2F7AAA27F366BF00A05422 /* tableViewDemoUITests.swift */,
				3F2F7AAC27F366BF00A05422 /* tableViewDemoUITestsLaunchTests.swift */,
			);
			path = tableViewDemoUITests;
			sourceTree = "<group>";
		};
/* End PBXGroup section */

/* Begin PBXNativeTarget section */
		3F2F7A8527F366BC00A05422 /* tableViewDemo */ = {
			isa = PBXNativeTarget;
			buildConfigurationList = 3F2F7AB027F366BF00A05422 /* Build configuration list for PBXNativeTarget "tableViewDemo" */;
			buildPhases = (
				3F2F7A8227F366BC00A05422 /* Sources */,
				3F2F7A8327F366BC00A05422 /* Frameworks */,
				3F2F7A8427F366BC00A05422 /* Resources */,
			);
			buildRules = (
			);
			dependencies = (
			);
			name = tableViewDemo;
			productName = tableViewDemo;
			productReference = 3F2F7A8627F366BC00A05422 /* tableViewDemo.app */;
			productType = "com.apple.product-type.application";
		};
		3F2F7A9B27F366BF00A05422 /* tableViewDemoTests */ = {
			isa = PBXNativeTarget;
			buildConfigurationList = 3F2F7AB327F366BF00A05422 /* Build configuration list for PBXNativeTarget "tableViewDemoTests" */;
			buildPhases = (
				3F2F7A9827F366BF00A05422 /* Sources */,
				3F2F7A9927F366BF00A05422 /* Frameworks */,
				3F2F7A9A27F366BF00A05422 /* Resources */,
			);
			buildRules = (
			);
			dependencies = (
				3F2F7A9E27F366BF00A05422 /* PBXTargetDependency */,
			);
			name = tableViewDemoTests;
			productName = tableViewDemoTests;
			productReference = 3F2F7A9C27F366BF00A05422 /* tableViewDemoTests.xctest */;
			productType = "com.apple.product-type.bundle.unit-test";
		};
		3F2F7AA527F366BF00A05422 /* tableViewDemoUITests */ = {
			isa = PBXNativeTarget;
			buildConfigurationList = 3F2F7AB627F366BF00A05422 /* Build configuration list for PBXNativeTarget "tableViewDemoUITests" */;
			buildPhases = (
				3F2F7AA227F366BF00A05422 /* Sources */,
				3F2F7AA327F366BF00A05422 /* Frameworks */,
				3F2F7AA427F366BF00A05422 /* Resources */,
			);
			buildRules = (
			);
			dependencies = (
				3F2F7AA827F366BF00A05422 /* PBXTargetDependency */,
			);
			name = tableViewDemoUITests;
			productName = tableViewDemoUITests;
			productReference = 3F2F7AA627F366BF00A05422 /* tableViewDemoUITests.xctest */;
			productType = "com.apple.product-type.bundle.ui-testing";
		};
/* End PBXNativeTarget section */

/* Begin PBXProject section */
		3F2F7A7E27F366BC00A05422 /* Project object */ = {
			isa = PBXProject;
			attributes = {
				BuildIndependentTargetsInParallel = 1;
				LastSwiftUpdateCheck = 1330;
				LastUpgradeCheck = 1330;
				TargetAttributes = {
					3F2F7A8527F366BC00A05422 = {
						CreatedOnToolsVersion = 13.3;
					};
					3F2F7A9B27F366BF00A05422 = {
						CreatedOnToolsVersion = 13.3;
						TestTargetID = 3F2F7A8527F366BC00A05422;
					};
					3F2F7AA527F366BF00A05422 = {
						CreatedOnToolsVersion = 13.3;
						TestTargetID = 3F2F7A8527F366BC00A05422;
					};
				};
			};
			buildConfigurationList = 3F2F7A8127F366BC00A05422 /* Build configuration list for PBXProject "tableViewDemo" */;
			compatibilityVersion = "Xcode 13.0";
			developmentRegion = en;
			hasScannedForEncodings = 0;
			knownRegions = (
				en,
				Base,
			);
			mainGroup = 3F2F7A7D27F366BC00A05422;
			productRefGroup = 3F2F7A8727F366BC00A05422 /* Products */;
			projectDirPath = "";
			projectRoot = "";
			targets = (
				3F2F7A8527F366BC00A05422 /* tableViewDemo */,
				3F2F7A9B27F366BF00A05422 /* tableViewDemoTests */,
				3F2F7AA527F366BF00A05422 /* tableViewDemoUITests */,
			);
		};
/* End PBXProject section */

/* Begin PBXResourcesBuildPhase section */
		3F2F7A8427F366BC00A05422 /* Resources */ = {
			isa = PBXResourcesBuildPhase;
			buildActionMask = 2147483647;
			files = (
				3F2F7A9627F366BE00A05422 /* LaunchScreen.storyboard in Resources */,
				3F2F7A9327F366BE00A05422 /* Assets.xcassets in Resources */,
				3F2F7A9127F366BC00A05422 /* Main.storyboard in Resources */,
			);
			runOnlyForDeploymentPostprocessing = 0;
		};
		3F2F7A9A27F366BF00A05422 /* Resources */ = {
			isa = PBXResourcesBuildPhase;
			buildActionMask = 2147483647;
			files = (
			);
			runOnlyForDeploymentPostprocessing = 0;
		};
		3F2F7AA427F366BF00A05422 /* Resources */ = {
			isa = PBXResourcesBuildPhase;
			buildActionMask = 2147483647;
			files = (
			);
			runOnlyForDeploymentPostprocessing = 0;
		};
/* End PBXResourcesBuildPhase section */

/* Begin PBXSourcesBuildPhase section */
		3F2F7A8227F366BC00A05422 /* Sources */ = {
			isa = PBXSourcesBuildPhase;
			buildActionMask = 2147483647;
			files = (
				3F2F7A8E27F366BC00A05422 /* ViewController.swift in Sources */,
				3F2F7A8A27F366BC00A05422 /* AppDelegate.swift in Sources */,
				3F2F7A8C27F366BC00A05422 /* SceneDelegate.swift in Sources */,
				3FB7048C27F368AC00215FCA /* DetailsViewController.swift in Sources */,
			);
			runOnlyForDeploymentPostprocessing = 0;
		};
		3F2F7A9827F366BF00A05422 /* Sources */ = {
			isa = PBXSourcesBuildPhase;
			buildActionMask = 2147483647;
			files = (
				3F2F7AA127F366BF00A05422 /* tableViewDemoTests.swift in Sources */,
			);
			runOnlyForDeploymentPostprocessing = 0;
		};
		3F2F7AA227F366BF00A05422 /* Sources */ = {
			isa = PBXSourcesBuildPhase;
			buildActionMask = 2147483647;
			files = (
				3F2F7AAB27F366BF00A05422 /* tableViewDemoUITests.swift in Sources */,
				3F2F7AAD27F366BF00A05422 /* tableViewDemoUITestsLaunchTests.swift in Sources */,
			);
			runOnlyForDeploymentPostprocessing = 0;
		};
/* End PBXSourcesBuildPhase section */

/* Begin PBXTargetDependency section */
		3F2F7A9E27F366BF00A05422 /* PBXTargetDependency */ = {
			isa = PBXTargetDependency;
			target = 3F2F7A8527F366BC00A05422 /* tableViewDemo */;
			targetProxy = 3F2F7A9D27F366BF00A05422 /* PBXContainerItemProxy */;
		};
		3F2F7AA827F366BF00A05422 /* PBXTargetDependency */ = {
			isa = PBXTargetDependency;
			target = 3F2F7A8527F366BC00A05422 /* tableViewDemo */;
			targetProxy = 3F2F7AA727F366BF00A05422 /* PBXContainerItemProxy */;
		};
/* End PBXTargetDependency section */

/* Begin PBXVariantGroup section */
		3F2F7A8F27F366BC00A05422 /* Main.storyboard */ = {
			isa = PBXVariantGroup;
			children = (
				3F2F7A9027F366BC00A05422 /* Base */,
			);
			name = Main.storyboard;
			sourceTree = "<group>";
		};
		3F2F7A9427F366BE00A05422 /* LaunchScreen.storyboard */ = {
			isa = PBXVariantGroup;
			children = (
				3F2F7A9527F366BE00A05422 /* Base */,
			);
			name = LaunchScreen.storyboard;
			sourceTree = "<group>";
		};
/* End PBXVariantGroup section */

/* Begin XCBuildConfiguration section */
		3F2F7AAE27F366BF00A05422 /* Debug */ = {
			isa = XCBuildConfiguration;
			buildSettings = {
				ALWAYS_SEARCH_USER_PATHS = NO;
				CLANG_ANALYZER_NONNULL = YES;
				CLANG_ANALYZER_NUMBER_OBJECT_CONVERSION = YES_AGGRESSIVE;
				CLANG_CXX_LANGUAGE_STANDARD = "gnu++17";
				CLANG_ENABLE_MODULES = YES;
				CLANG_ENABLE_OBJC_ARC = YES;
				CLANG_ENABLE_OBJC_WEAK = YES;
				CLANG_WARN_BLOCK_CAPTURE_AUTORELEASING = YES;
				CLANG_WARN_BOOL_CONVERSION = YES;
				CLANG_WARN_COMMA = YES;
				CLANG_WARN_CONSTANT_CONVERSION = YES;
				CLANG_WARN_DEPRECATED_OBJC_IMPLEMENTATIONS = YES;
				CLANG_WARN_DIRECT_OBJC_ISA_USAGE = YES_ERROR;
				CLANG_WARN_DOCUMENTATION_COMMENTS = YES;
				CLANG_WARN_EMPTY_BODY = YES;
				CLANG_WARN_ENUM_CONVERSION = YES;
				CLANG_WARN_INFINITE_RECURSION = YES;
				CLANG_WARN_INT_CONVERSION = YES;
				CLANG_WARN_NON_LITERAL_NULL_CONVERSION = YES;
				CLANG_WARN_OBJC_IMPLICIT_RETAIN_SELF = YES;
				CLANG_WARN_OBJC_LITERAL_CONVERSION = YES;
				CLANG_WARN_OBJC_ROOT_CLASS = YES_ERROR;
				CLANG_WARN_QUOTED_INCLUDE_IN_FRAMEWORK_HEADER = YES;
				CLANG_WARN_RANGE_LOOP_ANALYSIS = YES;
				CLANG_WARN_STRICT_PROTOTYPES = YES;
				CLANG_WARN_SUSPICIOUS_MOVE = YES;
				CLANG_WARN_UNGUARDED_AVAILABILITY = YES_AGGRESSIVE;
				CLANG_WARN_UNREACHABLE_CODE = YES;
				CLANG_WARN__DUPLICATE_METHOD_MATCH = YES;
				COPY_PHASE_STRIP = NO;
				DEBUG_INFORMATION_FORMAT = dwarf;
				ENABLE_STRICT_OBJC_MSGSEND = YES;
				ENABLE_TESTABILITY = YES;
				GCC_C_LANGUAGE_STANDARD = gnu11;
				GCC_DYNAMIC_NO_PIC = NO;
				GCC_NO_COMMON_BLOCKS = YES;
				GCC_OPTIMIZATION_LEVEL = 0;
				GCC_PREPROCESSOR_DEFINITIONS = (
					"DEBUG=1",
					"$(inherited)",
				);
				GCC_WARN_64_TO_32_BIT_CONVERSION = YES;
				GCC_WARN_ABOUT_RETURN_TYPE = YES_ERROR;
				GCC_WARN_UNDECLARED_SELECTOR = YES;
				GCC_WARN_UNINITIALIZED_AUTOS = YES_AGGRESSIVE;
				GCC_WARN_UNUSED_FUNCTION = YES;
				GCC_WARN_UNUSED_VARIABLE = YES;
				IPHONEOS_DEPLOYMENT_TARGET = 15.4;
				MTL_ENABLE_DEBUG_INFO = INCLUDE_SOURCE;
				MTL_FAST_MATH = YES;
				ONLY_ACTIVE_ARCH = YES;
				SDKROOT = iphoneos;
				SWIFT_ACTIVE_COMPILATION_CONDITIONS = DEBUG;
				SWIFT_OPTIMIZATION_LEVEL = "-Onone";
			};
			name = Debug;
		};
		3F2F7AAF27F366BF00A05422 /* Release */ = {
			isa = XCBuildConfiguration;
			buildSettings = {
				ALWAYS_SEARCH_USER_PATHS = NO;
				CLANG_ANALYZER_NONNULL = YES;
				CLANG_ANALYZER_NUMBER_OBJECT_CONVERSION = YES_AGGRESSIVE;
				CLANG_CXX_LANGUAGE_STANDARD = "gnu++17";
				CLANG_ENABLE_MODULES = YES;
				CLANG_ENABLE_OBJC_ARC = YES;
				CLANG_ENABLE_OBJC_WEAK = YES;
				CLANG_WARN_BLOCK_CAPTURE_AUTORELEASING = YES;
				CLANG_WARN_BOOL_CONVERSION = YES;
				CLANG_WARN_COMMA = YES;
				CLANG_WARN_CONSTANT_CONVERSION = YES;
				CLANG_WARN_DEPRECATED_OBJC_IMPLEMENTATIONS = YES;
				CLANG_WARN_DIRECT_OBJC_ISA_USAGE = YES_ERROR;
				CLANG_WARN_DOCUMENTATION_COMMENTS = YES;
				CLANG_WARN_EMPTY_BODY = YES;
				CLANG_WARN_ENUM_CONVERSION = YES;
				CLANG_WARN_INFINITE_RECURSION = YES;
				CLANG_WARN_INT_CONVERSION = YES;
				CLANG_WARN_NON_LITERAL_NULL_CONVERSION = YES;
				CLANG_WARN_OBJC_IMPLICIT_RETAIN_SELF = YES;
				CLANG_WARN_OBJC_LITERAL_CONVERSION = YES;
				CLANG_WARN_OBJC_ROOT_CLASS = YES_ERROR;
				CLANG_WARN_QUOTED_INCLUDE_IN_FRAMEWORK_HEADER = YES;
				CLANG_WARN_RANGE_LOOP_ANALYSIS = YES;
				CLANG_WARN_STRICT_PROTOTYPES = YES;
				CLANG_WARN_SUSPICIOUS_MOVE = YES;
				CLANG_WARN_UNGUARDED_AVAILABILITY = YES_AGGRESSIVE;
				CLANG_WARN_UNREACHABLE_CODE = YES;
				CLANG_WARN__DUPLICATE_METHOD_MATCH = YES;
				COPY_PHASE_STRIP = NO;
				DEBUG_INFORMATION_FORMAT = "dwarf-with-dsym";
				ENABLE_NS_ASSERTIONS = NO;
				ENABLE_STRICT_OBJC_MSGSEND = YES;
				GCC_C_LANGUAGE_STANDARD = gnu11;
				GCC_NO_COMMON_BLOCKS = YES;
				GCC_WARN_64_TO_32_BIT_CONVERSION = YES;
				GCC_WARN_ABOUT_RETURN_TYPE = YES_ERROR;
				GCC_WARN_UNDECLARED_SELECTOR = YES;
				GCC_WARN_UNINITIALIZED_AUTOS = YES_AGGRESSIVE;
				GCC_WARN_UNUSED_FUNCTION = YES;
				GCC_WARN_UNUSED_VARIABLE = YES;
				IPHONEOS_DEPLOYMENT_TARGET = 15.4;
				MTL_ENABLE_DEBUG_INFO = NO;
				MTL_FAST_MATH = YES;
				SDKROOT = iphoneos;
				SWIFT_COMPILATION_MODE = wholemodule;
				SWIFT_OPTIMIZATION_LEVEL = "-O";
				VALIDATE_PRODUCT = YES;
			};
			name = Release;
		};
		3F2F7AB127F366BF00A05422 /* Debug */ = {
			isa = XCBuildConfiguration;
			buildSettings = {
				ASSETCATALOG_COMPILER_APPICON_NAME = AppIcon;
				ASSETCATALOG_COMPILER_GLOBAL_ACCENT_COLOR_NAME = AccentColor;
				CODE_SIGN_STYLE = Automatic;
				CURRENT_PROJECT_VERSION = 1;
				GENERATE_INFOPLIST_FILE = YES;
				INFOPLIST_FILE = tableViewDemo/Info.plist;
				INFOPLIST_KEY_CFBundleDisplayName = tableViewDemo;
				INFOPLIST_KEY_UIApplicationSupportsIndirectInputEvents = YES;
				INFOPLIST_KEY_UILaunchStoryboardName = LaunchScreen;
				INFOPLIST_KEY_UIMainStoryboardFile = Main;
				INFOPLIST_KEY_UISupportedInterfaceOrientations_iPad = "UIInterfaceOrientationPortrait UIInterfaceOrientationPortraitUpsideDown UIInterfaceOrientationLandscapeLeft UIInterfaceOrientationLandscapeRight";
				INFOPLIST_KEY_UISupportedInterfaceOrientations_iPhone = "UIInterfaceOrientationPortrait UIInterfaceOrientationLandscapeLeft UIInterfaceOrientationLandscapeRight";
				LD_RUNPATH_SEARCH_PATHS = (
					"$(inherited)",
					"@executable_path/Frameworks",
				);
				MARKETING_VERSION = 1.0;
				PRODUCT_BUNDLE_IDENTIFIER = nwmsu.tableViewDemo;
				PRODUCT_NAME = "$(TARGET_NAME)";
				SWIFT_EMIT_LOC_STRINGS = YES;
				SWIFT_VERSION = 5.0;
				TARGETED_DEVICE_FAMILY = "1,2";
			};
			name = Debug;
		};
		3F2F7AB227F366BF00A05422 /* Release */ = {
			isa = XCBuildConfiguration;
			buildSettings = {
				ASSETCATALOG_COMPILER_APPICON_NAME = AppIcon;
				ASSETCATALOG_COMPILER_GLOBAL_ACCENT_COLOR_NAME = AccentColor;
				CODE_SIGN_STYLE = Automatic;
				CURRENT_PROJECT_VERSION = 1;
				GENERATE_INFOPLIST_FILE = YES;
				INFOPLIST_FILE = tableViewDemo/Info.plist;
				INFOPLIST_KEY_CFBundleDisplayName = tableViewDemo;
				INFOPLIST_KEY_UIApplicationSupportsIndirectInputEvents = YES;
				INFOPLIST_KEY_UILaunchStoryboardName = LaunchScreen;
				INFOPLIST_KEY_UIMainStoryboardFile = Main;
				INFOPLIST_KEY_UISupportedInterfaceOrientations_iPad = "UIInterfaceOrientationPortrait UIInterfaceOrientationPortraitUpsideDown UIInterfaceOrientationLandscapeLeft UIInterfaceOrientationLandscapeRight";
				INFOPLIST_KEY_UISupportedInterfaceOrientations_iPhone = "UIInterfaceOrientationPortrait UIInterfaceOrientationLandscapeLeft UIInterfaceOrientationLandscapeRight";
				LD_RUNPATH_SEARCH_PATHS = (
					"$(inherited)",
					"@executable_path/Frameworks",
				);
				MARKETING_VERSION = 1.0;
				PRODUCT_BUNDLE_IDENTIFIER = nwmsu.tableViewDemo;
				PRODUCT_NAME = "$(TARGET_NAME)";
				SWIFT_EMIT_LOC_STRINGS = YES;
				SWIFT_VERSION = 5.0;
				TARGETED_DEVICE_FAMILY = "1,2";
			};
			name = Release;
		};
		3F2F7AB427F366BF00A05422 /* Debug */ = {
			isa = XCBuildConfiguration;
			buildSettings = {
				ALWAYS_EMBED_SWIFT_STANDARD_LIBRARIES = YES;
				BUNDLE_LOADER = "$(TEST_HOST)";
				CODE_SIGN_STYLE = Automatic;
				CURRENT_PROJECT_VERSION = 1;
				GENERATE_INFOPLIST_FILE = YES;
				IPHONEOS_DEPLOYMENT_TARGET = 15.4;
				MARKETING_VERSION = 1.0;
				PRODUCT_BUNDLE_IDENTIFIER = nwmsu.tableViewDemoTests;
				PRODUCT_NAME = "$(TARGET_NAME)";
				SWIFT_EMIT_LOC_STRINGS = NO;
				SWIFT_VERSION = 5.0;
				TARGETED_DEVICE_FAMILY = "1,2";
				TEST_HOST = "$(BUILT_PRODUCTS_DIR)/tableViewDemo.app/tableViewDemo";
			};
			name = Debug;
		};
		3F2F7AB527F366BF00A05422 /* Release */ = {
			isa = XCBuildConfiguration;
			buildSettings = {
				ALWAYS_EMBED_SWIFT_STANDARD_LIBRARIES = YES;
				BUNDLE_LOADER = "$(TEST_HOST)";
				CODE_SIGN_STYLE = Automatic;
				CURRENT_PROJECT_VERSION = 1;
				GENERATE_INFOPLIST_FILE = YES;
				IPHONEOS_DEPLOYMENT_TARGET = 15.4;
				MARKETING_VERSION = 1.0;
				PRODUCT_BUNDLE_IDENTIFIER = nwmsu.tableViewDemoTests;
				PRODUCT_NAME = "$(TARGET_NAME)";
				SWIFT_EMIT_LOC_STRINGS = NO;
				SWIFT_VERSION = 5.0;
				TARGETED_DEVICE_FAMILY = "1,2";
				TEST_HOST = "$(BUILT_PRODUCTS_DIR)/tableViewDemo.app/tableViewDemo";
			};
			name = Release;
		};
		3F2F7AB727F366BF00A05422 /* Debug */ = {
			isa = XCBuildConfiguration;
			buildSettings = {
				ALWAYS_EMBED_SWIFT_STANDARD_LIBRARIES = YES;
				CODE_SIGN_STYLE = Automatic;
				CURRENT_PROJECT_VERSION = 1;
				GENERATE_INFOPLIST_FILE = YES;
				MARKETING_VERSION = 1.0;
				PRODUCT_BUNDLE_IDENTIFIER = nwmsu.tableViewDemoUITests;
				PRODUCT_NAME = "$(TARGET_NAME)";
				SWIFT_EMIT_LOC_STRINGS = NO;
				SWIFT_VERSION = 5.0;
				TARGETED_DEVICE_FAMILY = "1,2";
				TEST_TARGET_NAME = tableViewDemo;
			};
			name = Debug;
		};
		3F2F7AB827F366BF00A05422 /* Release */ = {
			isa = XCBuildConfiguration;
			buildSettings = {
				ALWAYS_EMBED_SWIFT_STANDARD_LIBRARIES = YES;
				CODE_SIGN_STYLE = Automatic;
				CURRENT_PROJECT_VERSION = 1;
				GENERATE_INFOPLIST_FILE = YES;
				MARKETING_VERSION = 1.0;
				PRODUCT_BUNDLE_IDENTIFIER = nwmsu.tableViewDemoUITests;
				PRODUCT_NAME = "$(TARGET_NAME)";
				SWIFT_EMIT_LOC_STRINGS = NO;
				SWIFT_VERSION = 5.0;
				TARGETED_DEVICE_FAMILY = "1,2";
				TEST_TARGET_NAME = tableViewDemo;
			};
			name = Release;
		};
/* End XCBuildConfiguration section */

/* Begin XCConfigurationList section */
		3F2F7A8127F366BC00A05422 /* Build configuration list for PBXProject "tableViewDemo" */ = {
			isa = XCConfigurationList;
			buildConfigurations = (
				3F2F7AAE27F366BF00A05422 /* Debug */,
				3F2F7AAF27F366BF00A05422 /* Release */,
			);
			defaultConfigurationIsVisible = 0;
			defaultConfigurationName = Release;
		};
		3F2F7AB027F366BF00A05422 /* Build configuration list for PBXNativeTarget "tableViewDemo" */ = {
			isa = XCConfigurationList;
			buildConfigurations = (
				3F2F7AB127F366BF00A05422 /* Debug */,
				3F2F7AB227F366BF00A05422 /* Release */,
			);
			defaultConfigurationIsVisible = 0;
			defaultConfigurationName = Release;
		};
		3F2F7AB327F366BF00A05422 /* Build configuration list for PBXNativeTarget "tableViewDemoTests" */ = {
			isa = XCConfigurationList;
			buildConfigurations = (
				3F2F7AB427F366BF00A05422 /* Debug */,
				3F2F7AB527F366BF00A05422 /* Release */,
			);
			defaultConfigurationIsVisible = 0;
			defaultConfigurationName = Release;
		};
		3F2F7AB627F366BF00A05422 /* Build configuration list for PBXNativeTarget "tableViewDemoUITests" */ = {
			isa = XCConfigurationList;
			buildConfigurations = (
				3F2F7AB727F366BF00A05422 /* Debug */,
				3F2F7AB827F366BF00A05422 /* Release */,
			);
			defaultConfigurationIsVisible = 0;
			defaultConfigurationName = Release;
		};
/* End XCConfigurationList section */
	};
	rootObject = 3F2F7A7E27F366BC00A05422 /* Project object */;
}
